
Microsoft Visual Studio Solution File, Format Version 12.00
# Visual Studio Version 17
VisualStudioVersion = 17.5.33516.290
MinimumVisualStudioVersion = 10.0.40219.1
Project("{9A19103F-16F7-4668-BE54-9A1E7A4F7556}") = "Nictoarch.ServiceLink.Operator", "Nictoarch.ServiceLink.Operator\Nictoarch.ServiceLink.Operator.csproj", "{AF4313BF-A604-4F1A-B862-FF10EA01E6EA}"
EndProject
Project("{9A19103F-16F7-4668-BE54-9A1E7A4F7556}") = "Nictoarch.Common", "Nictoarch.Common\Nictoarch.Common.csproj", "{F69BC49F-0149-4CCE-8A97-0595CC055EAC}"
EndProject
Project("{9A19103F-16F7-4668-BE54-9A1E7A4F7556}") = "Nictoarch.Modelling.Core", "Nictoarch.Modelling.Core\Nictoarch.Modelling.Core.csproj", "{75A0C886-4303-46E6-B2AE-AFCBE15843AB}"
EndProject
Project("{9A19103F-16F7-4668-BE54-9A1E7A4F7556}") = "Nictoarch.Modelling.K8s", "Nictoarch.Modelling.K8s\Nictoarch.Modelling.K8s.csproj", "{2DC814A8-9DAB-4F07-BC71-115535869788}"
EndProject
Project("{FAE04EC0-301F-11D3-BF4B-00C04F79EFBC}") = "Nictoarch.Modelling.K8s.TestApp", "Nictoarch.Modelling.K8s.TestApp\Nictoarch.Modelling.K8s.TestApp.csproj", "{7B5D50BF-FA0E-459A-9CFA-BD0146F8376D}"
EndProject
Global
	GlobalSection(SolutionConfigurationPlatforms) = preSolution
		Debug|Any CPU = Debug|Any CPU
		Release|Any CPU = Release|Any CPU
	EndGlobalSection
	GlobalSection(ProjectConfigurationPlatforms) = postSolution
		{AF4313BF-A604-4F1A-B862-FF10EA01E6EA}.Debug|Any CPU.ActiveCfg = Debug|Any CPU
		{AF4313BF-A604-4F1A-B862-FF10EA01E6EA}.Debug|Any CPU.Build.0 = Debug|Any CPU
		{AF4313BF-A604-4F1A-B862-FF10EA01E6EA}.Release|Any CPU.ActiveCfg = Release|Any CPU
		{AF4313BF-A604-4F1A-B862-FF10EA01E6EA}.Release|Any CPU.Build.0 = Release|Any CPU
		{F69BC49F-0149-4CCE-8A97-0595CC055EAC}.Debug|Any CPU.ActiveCfg = Debug|Any CPU
		{F69BC49F-0149-4CCE-8A97-0595CC055EAC}.Debug|Any CPU.Build.0 = Debug|Any CPU
		{F69BC49F-0149-4CCE-8A97-0595CC055EAC}.Release|Any CPU.ActiveCfg = Release|Any CPU
		{F69BC49F-0149-4CCE-8A97-0595CC055EAC}.Release|Any CPU.Build.0 = Release|Any CPU
		{75A0C886-4303-46E6-B2AE-AFCBE15843AB}.Debug|Any CPU.ActiveCfg = Debug|Any CPU
		{75A0C886-4303-46E6-B2AE-AFCBE15843AB}.Debug|Any CPU.Build.0 = Debug|Any CPU
		{75A0C886-4303-46E6-B2AE-AFCBE15843AB}.Release|Any CPU.ActiveCfg = Release|Any CPU
		{75A0C886-4303-46E6-B2AE-AFCBE15843AB}.Release|Any CPU.Build.0 = Release|Any CPU
		{2DC814A8-9DAB-4F07-BC71-115535869788}.Debug|Any CPU.ActiveCfg = Debug|Any CPU
		{2DC814A8-9DAB-4F07-BC71-115535869788}.Debug|Any CPU.Build.0 = Debug|Any CPU
		{2DC814A8-9DAB-4F07-BC71-115535869788}.Release|Any CPU.ActiveCfg = Release|Any CPU
		{2DC814A8-9DAB-4F07-BC71-115535869788}.Release|Any CPU.Build.0 = Release|Any CPU
		{7B5D50BF-FA0E-459A-9CFA-BD0146F8376D}.Debug|Any CPU.ActiveCfg = Debug|Any CPU
		{7B5D50BF-FA0E-459A-9CFA-BD0146F8376D}.Debug|Any CPU.Build.0 = Debug|Any CPU
		{7B5D50BF-FA0E-459A-9CFA-BD0146F8376D}.Release|Any CPU.ActiveCfg = Release|Any CPU
		{7B5D50BF-FA0E-459A-9CFA-BD0146F8376D}.Release|Any CPU.Build.0 = Release|Any CPU
	EndGlobalSection
	GlobalSection(SolutionProperties) = preSolution
		HideSolutionNode = FALSE
	EndGlobalSection
	GlobalSection(ExtensibilityGlobals) = postSolution
		SolutionGuid = {79108A66-7BCC-4A80-BA92-8968ED51546E}
	EndGlobalSection
EndGlobal
