
Microsoft Visual Studio Solution File, Format Version 12.00
# Visual Studio Version 17
VisualStudioVersion = 17.5.33516.290
MinimumVisualStudioVersion = 10.0.40219.1
Project("{9A19103F-16F7-4668-BE54-9A1E7A4F7556}") = "Nictoarch.Common", "Nictoarch.Common\Nictoarch.Common.csproj", "{F69BC49F-0149-4CCE-8A97-0595CC055EAC}"
EndProject
Project("{9A19103F-16F7-4668-BE54-9A1E7A4F7556}") = "Nictoarch.Modelling.Core", "Nictoarch.Modelling.Core\Nictoarch.Modelling.Core.csproj", "{75A0C886-4303-46E6-B2AE-AFCBE15843AB}"
EndProject
Project("{9A19103F-16F7-4668-BE54-9A1E7A4F7556}") = "Nictoarch.Modelling.K8s", "Nictoarch.Modelling.K8s\Nictoarch.Modelling.K8s.csproj", "{2DC814A8-9DAB-4F07-BC71-115535869788}"
EndProject
Project("{9A19103F-16F7-4668-BE54-9A1E7A4F7556}") = "Nictoarch.Common.Xml2Json", "Nictoarch.Common.Xml2Json\Nictoarch.Common.Xml2Json.csproj", "{99FA39DE-4B73-403D-B4CF-C2A8F467E705}"
EndProject
Project("{9A19103F-16F7-4668-BE54-9A1E7A4F7556}") = "Nictoarch.Common.Xml2Json.Tests", "Nictoarch.Common.Xml2Json.Tests\Nictoarch.Common.Xml2Json.Tests.csproj", "{B5D891F2-38D9-4E2F-B667-9670FBA8CDF6}"
EndProject
Project("{9A19103F-16F7-4668-BE54-9A1E7A4F7556}") = "Nictoarch.Modelling.Json", "Nictoarch.Modelling.Json\Nictoarch.Modelling.Json.csproj", "{3E11CB3E-104C-4E6E-8C53-6E16FE1E6E6D}"
EndProject
Project("{9A19103F-16F7-4668-BE54-9A1E7A4F7556}") = "Nictoarch.Modelling.App", "Nictoarch.Modelling.App\Nictoarch.Modelling.App.csproj", "{FC79F1B9-367E-4589-B0C2-CB67D9B2C77A}"
EndProject
Project("{9A19103F-16F7-4668-BE54-9A1E7A4F7556}") = "Nictoarch.Modelling.Db", "Nictoarch.Modelling.Db\Nictoarch.Modelling.Db.csproj", "{933993A8-8C55-4B13-8B63-43F80899F09D}"
EndProject
Global
	GlobalSection(SolutionConfigurationPlatforms) = preSolution
		Debug|Any CPU = Debug|Any CPU
		Release|Any CPU = Release|Any CPU
	EndGlobalSection
	GlobalSection(ProjectConfigurationPlatforms) = postSolution
		{F69BC49F-0149-4CCE-8A97-0595CC055EAC}.Debug|Any CPU.ActiveCfg = Debug|Any CPU
		{F69BC49F-0149-4CCE-8A97-0595CC055EAC}.Debug|Any CPU.Build.0 = Debug|Any CPU
		{F69BC49F-0149-4CCE-8A97-0595CC055EAC}.Release|Any CPU.ActiveCfg = Release|Any CPU
		{F69BC49F-0149-4CCE-8A97-0595CC055EAC}.Release|Any CPU.Build.0 = Release|Any CPU
		{75A0C886-4303-46E6-B2AE-AFCBE15843AB}.Debug|Any CPU.ActiveCfg = Debug|Any CPU
		{75A0C886-4303-46E6-B2AE-AFCBE15843AB}.Debug|Any CPU.Build.0 = Debug|Any CPU
		{75A0C886-4303-46E6-B2AE-AFCBE15843AB}.Release|Any CPU.ActiveCfg = Release|Any CPU
		{75A0C886-4303-46E6-B2AE-AFCBE15843AB}.Release|Any CPU.Build.0 = Release|Any CPU
		{2DC814A8-9DAB-4F07-BC71-115535869788}.Debug|Any CPU.ActiveCfg = Debug|Any CPU
		{2DC814A8-9DAB-4F07-BC71-115535869788}.Debug|Any CPU.Build.0 = Debug|Any CPU
		{2DC814A8-9DAB-4F07-BC71-115535869788}.Release|Any CPU.ActiveCfg = Release|Any CPU
		{2DC814A8-9DAB-4F07-BC71-115535869788}.Release|Any CPU.Build.0 = Release|Any CPU
		{99FA39DE-4B73-403D-B4CF-C2A8F467E705}.Debug|Any CPU.ActiveCfg = Debug|Any CPU
		{99FA39DE-4B73-403D-B4CF-C2A8F467E705}.Debug|Any CPU.Build.0 = Debug|Any CPU
		{99FA39DE-4B73-403D-B4CF-C2A8F467E705}.Release|Any CPU.ActiveCfg = Release|Any CPU
		{99FA39DE-4B73-403D-B4CF-C2A8F467E705}.Release|Any CPU.Build.0 = Release|Any CPU
		{B5D891F2-38D9-4E2F-B667-9670FBA8CDF6}.Debug|Any CPU.ActiveCfg = Debug|Any CPU
		{B5D891F2-38D9-4E2F-B667-9670FBA8CDF6}.Debug|Any CPU.Build.0 = Debug|Any CPU
		{B5D891F2-38D9-4E2F-B667-9670FBA8CDF6}.Release|Any CPU.ActiveCfg = Release|Any CPU
		{B5D891F2-38D9-4E2F-B667-9670FBA8CDF6}.Release|Any CPU.Build.0 = Release|Any CPU
		{3E11CB3E-104C-4E6E-8C53-6E16FE1E6E6D}.Debug|Any CPU.ActiveCfg = Debug|Any CPU
		{3E11CB3E-104C-4E6E-8C53-6E16FE1E6E6D}.Debug|Any CPU.Build.0 = Debug|Any CPU
		{3E11CB3E-104C-4E6E-8C53-6E16FE1E6E6D}.Release|Any CPU.ActiveCfg = Release|Any CPU
		{3E11CB3E-104C-4E6E-8C53-6E16FE1E6E6D}.Release|Any CPU.Build.0 = Release|Any CPU
		{FC79F1B9-367E-4589-B0C2-CB67D9B2C77A}.Debug|Any CPU.ActiveCfg = Debug|Any CPU
		{FC79F1B9-367E-4589-B0C2-CB67D9B2C77A}.Debug|Any CPU.Build.0 = Debug|Any CPU
		{FC79F1B9-367E-4589-B0C2-CB67D9B2C77A}.Release|Any CPU.ActiveCfg = Release|Any CPU
		{FC79F1B9-367E-4589-B0C2-CB67D9B2C77A}.Release|Any CPU.Build.0 = Release|Any CPU
		{933993A8-8C55-4B13-8B63-43F80899F09D}.Debug|Any CPU.ActiveCfg = Debug|Any CPU
		{933993A8-8C55-4B13-8B63-43F80899F09D}.Debug|Any CPU.Build.0 = Debug|Any CPU
		{933993A8-8C55-4B13-8B63-43F80899F09D}.Release|Any CPU.ActiveCfg = Release|Any CPU
		{933993A8-8C55-4B13-8B63-43F80899F09D}.Release|Any CPU.Build.0 = Release|Any CPU
	EndGlobalSection
	GlobalSection(SolutionProperties) = preSolution
		HideSolutionNode = FALSE
	EndGlobalSection
	GlobalSection(ExtensibilityGlobals) = postSolution
		SolutionGuid = {79108A66-7BCC-4A80-BA92-8968ED51546E}
	EndGlobalSection
EndGlobal
